version: 6
environments:
  default:
    channels:
    - url: https://conda.anaconda.org/conda-forge/
    packages:
      linux-aarch64:
      - conda: https://conda.anaconda.org/conda-forge/linux-aarch64/_openmp_mutex-4.5-2_gnu.tar.bz2
      - conda: https://conda.anaconda.org/conda-forge/linux-aarch64/aom-3.9.1-hcccb83c_0.conda
      - conda: https://conda.anaconda.org/conda-forge/linux-aarch64/blosc-1.21.6-hb4dfabd_1.conda
      - conda: https://conda.anaconda.org/conda-forge/linux-aarch64/brotli-1.1.0-h86ecc28_2.conda
      - conda: https://conda.anaconda.org/conda-forge/linux-aarch64/brotli-bin-1.1.0-h86ecc28_2.conda
      - conda: https://conda.anaconda.org/conda-forge/linux-aarch64/brunsli-0.1-h01db608_0.tar.bz2
      - conda: https://conda.anaconda.org/conda-forge/linux-aarch64/bzip2-1.0.8-h68df207_7.conda
      - conda: https://conda.anaconda.org/conda-forge/linux-aarch64/c-blosc2-2.15.2-h6221edb_1.conda
      - conda: https://conda.anaconda.org/conda-forge/noarch/ca-certificates-2025.1.31-hbd8a1cb_1.conda
      - conda: https://conda.anaconda.org/conda-forge/linux-aarch64/charls-2.4.2-h2f0025b_0.conda
      - conda: https://conda.anaconda.org/conda-forge/linux-aarch64/dav1d-1.2.1-h31becfc_0.conda
      - conda: https://conda.anaconda.org/conda-forge/linux-aarch64/freetype-2.13.3-h8af1aa0_1.conda
      - conda: https://conda.anaconda.org/conda-forge/linux-aarch64/giflib-5.2.2-h31becfc_0.conda
      - conda: https://conda.anaconda.org/conda-forge/linux-aarch64/imagecodecs-2024.12.30-py311h381bf5d_0.conda
      - conda: https://conda.anaconda.org/conda-forge/noarch/imageio-2.37.0-pyhfb79c49_0.conda
      - conda: https://conda.anaconda.org/conda-forge/noarch/importlib-metadata-8.6.1-pyha770c72_0.conda
      - conda: https://conda.anaconda.org/conda-forge/linux-aarch64/jxrlib-1.1-h31becfc_3.conda
      - conda: https://conda.anaconda.org/conda-forge/noarch/lazy-loader-0.4-pyhd8ed1ab_2.conda
      - conda: https://conda.anaconda.org/conda-forge/noarch/lazy_loader-0.4-pyhd8ed1ab_2.conda
      - conda: https://conda.anaconda.org/conda-forge/linux-aarch64/lcms2-2.17-hc88f144_0.conda
      - conda: https://conda.anaconda.org/conda-forge/linux-aarch64/ld_impl_linux-aarch64-2.43-h80caac9_4.conda
      - conda: https://conda.anaconda.org/conda-forge/linux-aarch64/lerc-4.0.0-hfdc4d58_1.conda
      - conda: https://conda.anaconda.org/conda-forge/linux-aarch64/libaec-1.1.3-h2f0025b_0.conda
      - conda: https://conda.anaconda.org/conda-forge/linux-aarch64/libavif16-1.2.1-h54a430d_2.conda
      - conda: https://conda.anaconda.org/conda-forge/linux-aarch64/libblas-3.9.0-31_h1a9f1db_openblas.conda
      - conda: https://conda.anaconda.org/conda-forge/linux-aarch64/libbrotlicommon-1.1.0-h86ecc28_2.conda
      - conda: https://conda.anaconda.org/conda-forge/linux-aarch64/libbrotlidec-1.1.0-h86ecc28_2.conda
      - conda: https://conda.anaconda.org/conda-forge/linux-aarch64/libbrotlienc-1.1.0-h86ecc28_2.conda
      - conda: https://conda.anaconda.org/conda-forge/linux-aarch64/libcblas-3.9.0-31_hab92f65_openblas.conda
      - conda: https://conda.anaconda.org/conda-forge/linux-aarch64/libdeflate-1.23-he377734_0.conda
      - conda: https://conda.anaconda.org/conda-forge/linux-aarch64/libffi-3.4.6-he21f813_1.conda
      - conda: https://conda.anaconda.org/conda-forge/linux-aarch64/libfreetype-2.13.3-h8af1aa0_1.conda
      - conda: https://conda.anaconda.org/conda-forge/linux-aarch64/libfreetype6-2.13.3-he93130f_1.conda
      - conda: https://conda.anaconda.org/conda-forge/linux-aarch64/libgcc-14.2.0-he277a41_2.conda
      - conda: https://conda.anaconda.org/conda-forge/linux-aarch64/libgcc-ng-14.2.0-he9431aa_2.conda
      - conda: https://conda.anaconda.org/conda-forge/linux-aarch64/libgfortran-14.2.0-he9431aa_2.conda
      - conda: https://conda.anaconda.org/conda-forge/linux-aarch64/libgfortran5-14.2.0-hb6113d0_2.conda
      - conda: https://conda.anaconda.org/conda-forge/linux-aarch64/libgomp-14.2.0-he277a41_2.conda
      - conda: https://conda.anaconda.org/conda-forge/linux-aarch64/libhwy-1.2.0-had1c3c2_0.conda
      - conda: https://conda.anaconda.org/conda-forge/linux-aarch64/libjpeg-turbo-3.1.0-h86ecc28_0.conda
      - conda: https://conda.anaconda.org/conda-forge/linux-aarch64/libjxl-0.11.1-h20636d9_1.conda
      - conda: https://conda.anaconda.org/conda-forge/linux-aarch64/liblapack-3.9.0-31_h411afd4_openblas.conda
      - conda: https://conda.anaconda.org/conda-forge/linux-aarch64/liblzma-5.8.1-h86ecc28_0.conda
      - conda: https://conda.anaconda.org/conda-forge/linux-aarch64/liblzma-devel-5.8.1-h86ecc28_0.conda
      - conda: https://conda.anaconda.org/conda-forge/linux-aarch64/libnsl-2.0.1-h31becfc_0.conda
      - conda: https://conda.anaconda.org/conda-forge/linux-aarch64/libopenblas-0.3.29-pthreads_h9d3fd7e_0.conda
      - conda: https://conda.anaconda.org/conda-forge/linux-aarch64/libpng-1.6.47-hec79eb8_0.conda
      - conda: https://conda.anaconda.org/conda-forge/linux-aarch64/libsqlite-3.49.1-h5eb1b54_2.conda
      - conda: https://conda.anaconda.org/conda-forge/linux-aarch64/libstdcxx-14.2.0-h3f4de04_2.conda
      - conda: https://conda.anaconda.org/conda-forge/linux-aarch64/libstdcxx-ng-12.3.0-h3f4de04_7.conda
      - conda: https://conda.anaconda.org/conda-forge/linux-aarch64/libtiff-4.7.0-h88f7998_4.conda
      - conda: https://conda.anaconda.org/conda-forge/linux-aarch64/libuuid-2.38.1-hb4cce97_0.conda
      - conda: https://conda.anaconda.org/conda-forge/linux-aarch64/libwebp-base-1.5.0-h0886dbf_0.conda
      - conda: https://conda.anaconda.org/conda-forge/linux-aarch64/libxcb-1.17.0-h262b8f6_0.conda
      - conda: https://conda.anaconda.org/conda-forge/linux-aarch64/libzlib-1.3.1-h86ecc28_2.conda
      - conda: https://conda.anaconda.org/conda-forge/linux-aarch64/libzopfli-1.0.3-h01db608_0.tar.bz2
      - conda: https://conda.anaconda.org/conda-forge/linux-aarch64/lz4-c-1.10.0-h5ad3122_1.conda
      - conda: https://conda.anaconda.org/conda-forge/linux-aarch64/ncurses-6.5-ha32ae93_3.conda
      - conda: https://conda.anaconda.org/conda-forge/noarch/networkx-3.4.2-pyh267e887_2.conda
      - conda: https://conda.anaconda.org/conda-forge/linux-aarch64/numpy-2.2.5-py311h6c2b7b4_0.conda
      - conda: https://conda.anaconda.org/conda-forge/linux-aarch64/openjpeg-2.5.3-h3f56577_0.conda
      - conda: https://conda.anaconda.org/conda-forge/linux-aarch64/openssl-3.0.16-hd08dc88_0.conda
      - conda: https://conda.anaconda.org/conda-forge/noarch/packaging-25.0-pyh29332c3_1.conda
      - conda: https://conda.anaconda.org/conda-forge/linux-aarch64/pillow-11.1.0-py311ha4eaa5e_0.conda
      - conda: https://conda.anaconda.org/conda-forge/linux-aarch64/pthread-stubs-0.4-h86ecc28_1002.conda
      - conda: https://conda.anaconda.org/conda-forge/linux-aarch64/python-3.11.0-ha43d526_1_cpython.conda
      - conda: https://conda.anaconda.org/conda-forge/noarch/python_abi-3.11-7_cp311.conda
      - conda: https://conda.anaconda.org/conda-forge/linux-aarch64/pywavelets-1.8.0-py311hec9beba_0.conda
      - conda: https://conda.anaconda.org/conda-forge/linux-aarch64/rav1e-0.6.6-h1d8f897_2.conda
      - conda: https://conda.anaconda.org/conda-forge/linux-aarch64/readline-8.2-h8382b9d_2.conda
      - conda: https://conda.anaconda.org/conda-forge/linux-aarch64/scikit-image-0.25.1-py311h848c333_0.conda
      - conda: https://conda.anaconda.org/conda-forge/linux-aarch64/scipy-1.15.2-py311h2973cce_0.conda
      - conda: https://conda.anaconda.org/conda-forge/linux-aarch64/snappy-1.2.1-hd4fb6f5_1.conda
      - conda: https://conda.anaconda.org/conda-forge/linux-aarch64/svt-av1-3.0.2-h5ad3122_0.conda
      - conda: https://conda.anaconda.org/conda-forge/noarch/tifffile-2025.3.30-pyhd8ed1ab_0.conda
      - conda: https://conda.anaconda.org/conda-forge/linux-aarch64/tk-8.6.13-h194ca79_0.conda
      - conda: https://conda.anaconda.org/conda-forge/noarch/tzdata-2025b-h78e105d_0.conda
      - conda: https://conda.anaconda.org/conda-forge/linux-aarch64/xorg-libxau-1.0.12-h86ecc28_0.conda
      - conda: https://conda.anaconda.org/conda-forge/linux-aarch64/xorg-libxdmcp-1.1.5-h57736b2_0.conda
      - conda: https://conda.anaconda.org/conda-forge/linux-aarch64/xz-5.8.1-h2dbfc1b_0.conda
      - conda: https://conda.anaconda.org/conda-forge/linux-aarch64/xz-gpl-tools-5.8.1-h2dbfc1b_0.conda
      - conda: https://conda.anaconda.org/conda-forge/linux-aarch64/xz-tools-5.8.1-h86ecc28_0.conda
      - conda: https://conda.anaconda.org/conda-forge/linux-aarch64/zfp-1.0.1-h5ad3122_2.conda
      - conda: https://conda.anaconda.org/conda-forge/noarch/zipp-3.21.0-pyhd8ed1ab_1.conda
      - conda: https://conda.anaconda.org/conda-forge/linux-aarch64/zlib-ng-2.2.4-hf428078_0.conda
      - conda: https://conda.anaconda.org/conda-forge/linux-aarch64/zstd-1.5.7-hbcf94c1_2.conda
packages:
- conda: https://conda.anaconda.org/conda-forge/linux-aarch64/_openmp_mutex-4.5-2_gnu.tar.bz2
  build_number: 16
  sha256: 3702bef2f0a4d38bd8288bbe54aace623602a1343c2cfbefd3fa188e015bebf0
  md5: 6168d71addc746e8f2b8d57dfd2edcea
  depends:
  - libgomp >=7.5.0
  constrains:
  - openmp_impl 9999
  license: BSD-3-Clause
  license_family: BSD
  size: 23712
  timestamp: 1650670790230
- conda: https://conda.anaconda.org/conda-forge/linux-aarch64/aom-3.9.1-hcccb83c_0.conda
  sha256: ac438ce5d3d3673a9188b535fc7cda413b479f0d52536aeeac1bd82faa656ea0
  md5: cc744ac4efe5bcaa8cca51ff5b850df0
  depends:
  - libgcc-ng >=12
  - libstdcxx-ng >=12
  license: BSD-2-Clause
  license_family: BSD
  size: 3250813
  timestamp: 1718551360260
- conda: https://conda.anaconda.org/conda-forge/linux-aarch64/blosc-1.21.6-hb4dfabd_1.conda
  sha256: f1e408fc32e1fda8dee9c3fceee5650fd622526e4dc6fa1f1926f497b5508d13
  md5: 2cbbd6264ad58887c40aab37f2abdaba
  depends:
  - libgcc >=13
  - libstdcxx >=13
  - libzlib >=1.3.1,<2.0a0
  - lz4-c >=1.10.0,<1.11.0a0
  - snappy >=1.2.1,<1.3.0a0
  - zstd >=1.5.6,<1.6.0a0
  license: BSD-3-Clause
  license_family: BSD
  size: 36414
  timestamp: 1733513501944
- conda: https://conda.anaconda.org/conda-forge/linux-aarch64/brotli-1.1.0-h86ecc28_2.conda
  sha256: 260a981a68b63585384ab55a8fac954e8d14bdb4226b3d534333021f711495fe
  md5: 5094acc34eb173f74205c0b55f0dd4a4
  depends:
  - brotli-bin 1.1.0 h86ecc28_2
  - libbrotlidec 1.1.0 h86ecc28_2
  - libbrotlienc 1.1.0 h86ecc28_2
  - libgcc >=13
  license: MIT
  license_family: MIT
  size: 19434
  timestamp: 1725267810677
- conda: https://conda.anaconda.org/conda-forge/linux-aarch64/brotli-bin-1.1.0-h86ecc28_2.conda
  sha256: 4231e3d00081d842870a6b8ba0ccf55ae0ccbc074dddbc0c115433bc32b1343d
  md5: 7d48b185fe1f722f8cda4539bb931f85
  depends:
  - libbrotlidec 1.1.0 h86ecc28_2
  - libbrotlienc 1.1.0 h86ecc28_2
  - libgcc >=13
  license: MIT
  license_family: MIT
  size: 18937
  timestamp: 1725267802117
- conda: https://conda.anaconda.org/conda-forge/linux-aarch64/brunsli-0.1-h01db608_0.tar.bz2
  sha256: 63ef6db2bc96a5b66f4ff0976487f11986d976b1ebe900c5a36ccc6102e95502
  md5: ebab6b17eff1ced924409c1ea3ba6c31
  depends:
  - brotli >=1.0.9,<2.0a0
  - libgcc-ng >=9.3.0
  - libstdcxx-ng >=9.3.0
  license: MIT
  license_family: MIT
  size: 200785
  timestamp: 1607309163849
- conda: https://conda.anaconda.org/conda-forge/linux-aarch64/bzip2-1.0.8-h68df207_7.conda
  sha256: 2258b0b33e1cb3a9852d47557984abb6e7ea58e3d7f92706ec1f8e879290c4cb
  md5: 56398c28220513b9ea13d7b450acfb20
  depends:
  - libgcc-ng >=12
  license: bzip2-1.0.6
  license_family: BSD
  size: 189884
  timestamp: 1720974504976
- conda: https://conda.anaconda.org/conda-forge/linux-aarch64/c-blosc2-2.15.2-h6221edb_1.conda
  sha256: d16b99a482e5dbc4dfaa8897061de62b01e42aa0b511254695557bfa4fee16ec
  md5: 92d34c6c5d33fc594bde11d73b78c3a7
  depends:
  - libgcc >=13
  - libstdcxx >=13
  - lz4-c >=1.10.0,<1.11.0a0
  - zlib-ng >=2.2.2,<2.3.0a0
  - zstd >=1.5.6,<1.6.0a0
  license: BSD-3-Clause
  license_family: BSD
  size: 289525
  timestamp: 1733447712233
- conda: https://conda.anaconda.org/conda-forge/noarch/ca-certificates-2025.1.31-hbd8a1cb_1.conda
  sha256: 43878eddf8eb46e3ba7fcbe77a2f8d00aab9a66d9ff63bc4d072b7af17481197
  md5: e74273d9fc5ab633d613cde474b55157
  depends:
  - __unix
  license: ISC
  size: 158834
  timestamp: 1745260472197
- conda: https://conda.anaconda.org/conda-forge/linux-aarch64/charls-2.4.2-h2f0025b_0.conda
  sha256: dbfb4770b87f866fda0a3f681c5e56a90401254ac4695e642d5627dc1e5f2107
  md5: a7adb8f6b07aafaa651e450472331012
  depends:
  - libgcc-ng >=12
  - libstdcxx-ng >=12
  license: BSD-3-Clause
  license_family: BSD
  size: 147189
  timestamp: 1684262838457
- conda: https://conda.anaconda.org/conda-forge/linux-aarch64/dav1d-1.2.1-h31becfc_0.conda
  sha256: 33fe66d025cf5bac7745196d1a3dd7a437abcf2dbce66043e9745218169f7e17
  md5: 6e5a87182d66b2d1328a96b61ca43a62
  depends:
  - libgcc-ng >=12
  license: BSD-2-Clause
  license_family: BSD
  size: 347363
  timestamp: 1685696690003
- conda: https://conda.anaconda.org/conda-forge/linux-aarch64/freetype-2.13.3-h8af1aa0_1.conda
  sha256: 3b3ff45ac1fc880fbc8268477d29901a8fead32fb2241f98e4f2a1acffe6eea2
  md5: 71c4cbe1b384a8e7b56993394a435343
  depends:
  - libfreetype 2.13.3 h8af1aa0_1
  - libfreetype6 2.13.3 he93130f_1
  license: GPL-2.0-only OR FTL
  size: 172259
  timestamp: 1745370055170
- conda: https://conda.anaconda.org/conda-forge/linux-aarch64/giflib-5.2.2-h31becfc_0.conda
  sha256: a79dc3bd54c4fb1f249942ee2d5b601a76ecf9614774a4cff9af49adfa458db2
  md5: 2f809afaf0ba1ea4135dce158169efac
  depends:
  - libgcc-ng >=12
  license: MIT
  license_family: MIT
  size: 82124
  timestamp: 1712692444545
- conda: https://conda.anaconda.org/conda-forge/linux-aarch64/imagecodecs-2024.12.30-py311h381bf5d_0.conda
  sha256: 07fd186e697a8e915789491680baeca79b20adfa29c32a76d055d2fa2a1bd38e
  md5: 2d6dce7f0da6d4440a1bf34715e53342
  depends:
  - blosc >=1.21.6,<2.0a0
  - brunsli >=0.1,<1.0a0
  - bzip2 >=1.0.8,<2.0a0
  - c-blosc2 >=2.15.2,<2.16.0a0
  - charls >=2.4.2,<2.5.0a0
  - giflib >=5.2.2,<5.3.0a0
  - jxrlib >=1.1,<1.2.0a0
  - lcms2 >=2.16,<3.0a0
  - lerc >=4.0.0,<5.0a0
  - libaec >=1.1.3,<2.0a0
  - libavif16 >=1.1.1,<2.0a0
  - libbrotlicommon >=1.1.0,<1.2.0a0
  - libbrotlidec >=1.1.0,<1.2.0a0
  - libbrotlienc >=1.1.0,<1.2.0a0
  - libdeflate >=1.23,<1.24.0a0
  - libgcc >=13
  - libjpeg-turbo >=3.0.0,<4.0a0
  - libjxl >=0.11,<0.12.0a0
  - liblzma >=5.6.3,<6.0a0
  - libpng >=1.6.45,<1.7.0a0
  - libstdcxx >=13
  - libtiff >=4.7.0,<4.8.0a0
  - libwebp-base >=1.5.0,<2.0a0
  - libzlib >=1.3.1,<2.0a0
  - libzopfli >=1.0.3,<1.1.0a0
  - lz4-c >=1.10.0,<1.11.0a0
  - numpy >=1.19,<3
  - openjpeg >=2.5.3,<3.0a0
  - python >=3.11,<3.12.0a0
  - python >=3.11,<3.12.0a0 *_cpython
  - python_abi 3.11.* *_cp311
  - snappy >=1.2.1,<1.3.0a0
  - zfp >=1.0.1,<2.0a0
  - zlib-ng >=2.2.3,<2.3.0a0
  - zstd >=1.5.6,<1.6.0a0
  license: BSD-3-Clause
  license_family: BSD
  size: 2091220
  timestamp: 1736603791266
- conda: https://conda.anaconda.org/conda-forge/noarch/imageio-2.37.0-pyhfb79c49_0.conda
  sha256: 8ef69fa00c68fad34a3b7b260ea774fda9bd9274fd706d3baffb9519fd0063fe
  md5: b5577bc2212219566578fd5af9993af6
  depends:
  - numpy
  - pillow >=8.3.2
  - python >=3.9
  license: BSD-2-Clause
  license_family: BSD
  size: 293226
  timestamp: 1738273949742
- conda: https://conda.anaconda.org/conda-forge/noarch/importlib-metadata-8.6.1-pyha770c72_0.conda
  sha256: 598951ebdb23e25e4cec4bbff0ae369cec65ead80b50bc08b441d8e54de5cf03
  md5: f4b39bf00c69f56ac01e020ebfac066c
  depends:
  - python >=3.9
  - zipp >=0.5
  license: Apache-2.0
  license_family: APACHE
  size: 29141
  timestamp: 1737420302391
- conda: https://conda.anaconda.org/conda-forge/linux-aarch64/jxrlib-1.1-h31becfc_3.conda
  sha256: 157e151068d44042c56d6dd6f634d0b2c1fe084114ae56125299f518dd8b1500
  md5: 720f7b9ccdf426ac73dafcf92f7d7bf4
  depends:
  - libgcc-ng >=12
  license: BSD-2-Clause
  license_family: BSD
  size: 238091
  timestamp: 1703333994798
- conda: https://conda.anaconda.org/conda-forge/noarch/lazy-loader-0.4-pyhd8ed1ab_2.conda
  sha256: d7ea986507090fff801604867ef8e79c8fda8ec21314ba27c032ab18df9c3411
  md5: d10d9393680734a8febc4b362a4c94f2
  depends:
  - importlib-metadata
  - packaging
  - python >=3.9
  license: BSD-3-Clause
  license_family: BSD
  size: 16298
  timestamp: 1733636905835
- conda: https://conda.anaconda.org/conda-forge/noarch/lazy_loader-0.4-pyhd8ed1ab_2.conda
  sha256: e26803188a54cd90df9ce1983af70b287c4918c0fd178a9aabd9f1580f657a2b
  md5: bb0230917e2473c77d615104dbe8a49d
  depends:
  - lazy-loader 0.4 pyhd8ed1ab_2
  - python >=3.9
  license: BSD-3-Clause
  license_family: BSD
  size: 6661
  timestamp: 1733636912265
- conda: https://conda.anaconda.org/conda-forge/linux-aarch64/lcms2-2.17-hc88f144_0.conda
  sha256: 47cf6a4780dc41caa9bc95f020eed485b07010c9ccc85e9ef44b538fedb5341d
  md5: b87b1abd2542cf65a00ad2e2461a3083
  depends:
  - libgcc >=13
  - libjpeg-turbo >=3.0.0,<4.0a0
  - libtiff >=4.7.0,<4.8.0a0
  license: MIT
  license_family: MIT
  size: 287007
  timestamp: 1739161069194
- conda: https://conda.anaconda.org/conda-forge/linux-aarch64/ld_impl_linux-aarch64-2.43-h80caac9_4.conda
  sha256: 016832a70b0aa97e1c4e47e23c00b0c34def679de25146736df353199f684f0d
  md5: 80c9ad5e05e91bb6c0967af3880c9742
  constrains:
  - binutils_impl_linux-aarch64 2.43
  license: GPL-3.0-only
  license_family: GPL
  size: 699058
  timestamp: 1740155620594
- conda: https://conda.anaconda.org/conda-forge/linux-aarch64/lerc-4.0.0-hfdc4d58_1.conda
  sha256: f01df5bbf97783fac9b89be602b4d02f94353f5221acfd80c424ec1c9a8d276c
  md5: 60dceb7e876f4d74a9cbd42bbbc6b9cf
  depends:
  - libgcc >=13
  - libstdcxx >=13
  license: Apache-2.0
  license_family: Apache
  size: 227184
  timestamp: 1745265544057
- conda: https://conda.anaconda.org/conda-forge/linux-aarch64/libaec-1.1.3-h2f0025b_0.conda
  sha256: 9c366233b4f4bf11e64ce886055aaac34445205a178061923300872e0564a4f2
  md5: e52c4a30901a90354855e40992af907d
  depends:
  - libgcc-ng >=12
  - libstdcxx-ng >=12
  license: BSD-2-Clause
  license_family: BSD
  size: 35339
  timestamp: 1711021162162
- conda: https://conda.anaconda.org/conda-forge/linux-aarch64/libavif16-1.2.1-h54a430d_2.conda
  sha256: 8d11c5057543f45d43670b446324a7bb08c02d23d5f48eb0f3789f31f716909b
  md5: d93e5392a78269665b0ff2e7fa165d9f
  depends:
  - aom >=3.9.1,<3.10.0a0
  - dav1d >=1.2.1,<1.2.2.0a0
  - libgcc >=13
  - rav1e >=0.6.6,<1.0a0
  - svt-av1 >=3.0.2,<3.0.3.0a0
  license: BSD-2-Clause
  license_family: BSD
  size: 136349
  timestamp: 1743344700539
- conda: https://conda.anaconda.org/conda-forge/linux-aarch64/libblas-3.9.0-31_h1a9f1db_openblas.conda
  build_number: 31
  sha256: 67c9c81dd0444ecc712124034d9f74186ca82fd770b3df46b1a68564461c6a1a
  md5: 48bd5bf15ccf3e409840be9caafc0ad5
  depends:
  - libopenblas >=0.3.29,<0.3.30.0a0
  - libopenblas >=0.3.29,<1.0a0
  constrains:
  - liblapack =3.9.0=31*_openblas
  - blas =2.131=openblas
  - libcblas =3.9.0=31*_openblas
  - mkl <2025
  - liblapacke =3.9.0=31*_openblas
  license: BSD-3-Clause
  license_family: BSD
  size: 16915
  timestamp: 1740087911042
- conda: https://conda.anaconda.org/conda-forge/linux-aarch64/libbrotlicommon-1.1.0-h86ecc28_2.conda
  sha256: 64112af913974b309d67fd342e065fd184347043a6387933b3db796778a28019
  md5: 3ee026955c688f551a9999840cff4c67
  depends:
  - libgcc >=13
  license: MIT
  license_family: MIT
  size: 68982
  timestamp: 1725267774142
- conda: https://conda.anaconda.org/conda-forge/linux-aarch64/libbrotlidec-1.1.0-h86ecc28_2.conda
  sha256: 94c808d9ca3eb6ef30976a9843e27f027cf3a1e84e8c6835cbb696b7bdb35c4c
  md5: e64d0f3b59c7c4047446b97a8624a72d
  depends:
  - libbrotlicommon 1.1.0 h86ecc28_2
  - libgcc >=13
  license: MIT
  license_family: MIT
  size: 31708
  timestamp: 1725267783442
- conda: https://conda.anaconda.org/conda-forge/linux-aarch64/libbrotlienc-1.1.0-h86ecc28_2.conda
  sha256: 41385e17bc73834b235c5aff12d6d82eccb534acb3c30986996f9dad92a0d54c
  md5: 0e9bd365480c72b25c71a448257b537d
  depends:
  - libbrotlicommon 1.1.0 h86ecc28_2
  - libgcc >=13
  license: MIT
  license_family: MIT
  size: 290230
  timestamp: 1725267792697
- conda: https://conda.anaconda.org/conda-forge/linux-aarch64/libcblas-3.9.0-31_hab92f65_openblas.conda
  build_number: 31
  sha256: f0457a1d2982f0a28bfbadaa02621677c324e88f7c8198c24fb3e3214c468dba
  md5: 6b81dbae56a519f1ec2f25e0ee2f4334
  depends:
  - libblas 3.9.0 31_h1a9f1db_openblas
  constrains:
  - liblapack =3.9.0=31*_openblas
  - blas =2.131=openblas
  - liblapacke =3.9.0=31*_openblas
  license: BSD-3-Clause
  license_family: BSD
  size: 16824
  timestamp: 1740087917500
- conda: https://conda.anaconda.org/conda-forge/linux-aarch64/libdeflate-1.23-he377734_0.conda
  sha256: 86532decdaed62f4731589af03389684d8469b181fd0ca48309433a229ffcd34
  md5: 308ad7cbe9fd92add59ef3d547a42c17
  depends:
  - libgcc >=13
  license: MIT
  size: 70245
  timestamp: 1745260494767
- conda: https://conda.anaconda.org/conda-forge/linux-aarch64/libffi-3.4.6-he21f813_1.conda
  sha256: 608b8c8b0315423e524b48733d91edd43f95cb3354a765322ac306a858c2cd2e
  md5: 15a131f30cae36e9a655ca81fee9a285
  depends:
  - libgcc >=13
  license: MIT
  license_family: MIT
  size: 55847
  timestamp: 1743434586764
- conda: https://conda.anaconda.org/conda-forge/linux-aarch64/libfreetype-2.13.3-h8af1aa0_1.conda
  sha256: c1bb6726b054b00ad509b9ace5e04f4bfe97e6fdaf5c4473c537e6c03d1f660b
  md5: 2d4a1c3dcabb80b4a56d5c34bdacea08
  depends:
  - libfreetype6 >=2.13.3
  license: GPL-2.0-only OR FTL
  size: 7774
  timestamp: 1745370050680
- conda: https://conda.anaconda.org/conda-forge/linux-aarch64/libfreetype6-2.13.3-he93130f_1.conda
  sha256: 9f189f75bb79f6b97c48804e89b4f1db5dc3fba5729551e4cbd2deca98580635
  md5: 51eae9012d75b8f7e4b0adfe61a83330
  depends:
  - libgcc >=13
  - libpng >=1.6.47,<1.7.0a0
  - libzlib >=1.3.1,<2.0a0
  constrains:
  - freetype >=2.13.3
  license: GPL-2.0-only OR FTL
  size: 408198
  timestamp: 1745370049871
- conda: https://conda.anaconda.org/conda-forge/linux-aarch64/libgcc-14.2.0-he277a41_2.conda
  sha256: a57f7f9ba2a12f56eafdcd25b6d75f7be10b8fc1a802a58b76a77ca8c66f4503
  md5: 6b4268a60b10f29257b51b9b67ff8d76
  depends:
  - _openmp_mutex >=4.5
  constrains:
  - libgcc-ng ==14.2.0=*_2
  - libgomp 14.2.0 he277a41_2
  license: GPL-3.0-only WITH GCC-exception-3.1
  license_family: GPL
  size: 535507
  timestamp: 1740241069780
- conda: https://conda.anaconda.org/conda-forge/linux-aarch64/libgcc-ng-14.2.0-he9431aa_2.conda
  sha256: 9647f75cddc18b07eebe6e1f21500eed50a6af2c43c84e831b4c7a597e10d226
  md5: 692c2bb75f32cfafb6799cf6d1c5d0e0
  depends:
  - libgcc 14.2.0 he277a41_2
  license: GPL-3.0-only WITH GCC-exception-3.1
  license_family: GPL
  size: 53622
  timestamp: 1740241074834
- conda: https://conda.anaconda.org/conda-forge/linux-aarch64/libgfortran-14.2.0-he9431aa_2.conda
  sha256: 996d3c0505301901a7ab23b5e7daad21635d1c065240bb0f4faf7e4f75d7f49d
  md5: d8b9d9dc0c8cd97d375b48e55947ba70
  depends:
  - libgfortran5 14.2.0 hb6113d0_2
  constrains:
  - libgfortran-ng ==14.2.0=*_2
  license: GPL-3.0-only WITH GCC-exception-3.1
  license_family: GPL
  size: 53611
  timestamp: 1740241100147
- conda: https://conda.anaconda.org/conda-forge/linux-aarch64/libgfortran5-14.2.0-hb6113d0_2.conda
  sha256: 7b9e1d3666a00e5a52e5d43c003bd1c73ab472804be513c070aaedca9c4c2a9a
  md5: cd754566661513808ef2408c4ab99a2f
  depends:
  - libgcc >=14.2.0
  constrains:
  - libgfortran 14.2.0
  license: GPL-3.0-only WITH GCC-exception-3.1
  license_family: GPL
  size: 1100765
  timestamp: 1740241083241
- conda: https://conda.anaconda.org/conda-forge/linux-aarch64/libgomp-14.2.0-he277a41_2.conda
  sha256: 4e303711fb7413bf98995beac58e731073099d7a669a3b81e49330ca8da05174
  md5: b11c09d9463daf4cae492d29806b1889
  license: GPL-3.0-only WITH GCC-exception-3.1
  license_family: GPL
  size: 462783
  timestamp: 1740241005079
- conda: https://conda.anaconda.org/conda-forge/linux-aarch64/libhwy-1.2.0-had1c3c2_0.conda
  sha256: 608a96df8ceb68d1d0ab149da3f6bd9f4aa3cc211ba063d629bf1f3e594aac81
  md5: c488f0601b1a7745f8949d8208f1b51a
  depends:
  - libgcc >=13
  - libstdcxx >=13
  license: Apache-2.0
  license_family: Apache
  size: 1140741
  timestamp: 1744841720808
- conda: https://conda.anaconda.org/conda-forge/linux-aarch64/libjpeg-turbo-3.1.0-h86ecc28_0.conda
  sha256: c7e4f017eeadcabb30e2a95dae95aad27271d633835e55e5dae23c932ae7efab
  md5: a689388210d502364b79e8b19e7fa2cb
  depends:
  - libgcc >=13
  constrains:
  - jpeg <0.0.0a
  license: IJG AND BSD-3-Clause AND Zlib
  size: 653054
  timestamp: 1745268199701
- conda: https://conda.anaconda.org/conda-forge/linux-aarch64/libjxl-0.11.1-h20636d9_1.conda
  sha256: 3beace66783f3bbba8eb89d329e761400e03e6fa81bf0a88efd715af9f5dac70
  md5: ce64cb350291a7aaeb9f9051aed2c910
  depends:
  - libbrotlidec >=1.1.0,<1.2.0a0
  - libbrotlienc >=1.1.0,<1.2.0a0
  - libgcc >=13
  - libhwy >=1.2.0,<1.3.0a0
  - libstdcxx >=13
  license: BSD-3-Clause
  license_family: BSD
  size: 1272578
  timestamp: 1744897851356
- conda: https://conda.anaconda.org/conda-forge/linux-aarch64/liblapack-3.9.0-31_h411afd4_openblas.conda
  build_number: 31
  sha256: 27613828ff6fb258b2e58802617df549f00089660ea8ab6c55c68f042c570162
  md5: 41dbff5eb805a75c120a7b7a1c744dc2
  depends:
  - libblas 3.9.0 31_h1a9f1db_openblas
  constrains:
  - blas =2.131=openblas
  - libcblas =3.9.0=31*_openblas
  - liblapacke =3.9.0=31*_openblas
  license: BSD-3-Clause
  license_family: BSD
  size: 16845
  timestamp: 1740087923843
- conda: https://conda.anaconda.org/conda-forge/linux-aarch64/liblzma-5.8.1-h86ecc28_0.conda
  sha256: fee534c3fe3911a5164c438b40c7d3458d93086decd359ef72f0d04a7a5d82f4
  md5: 775d36ea4e469b0c049a6f2cd6253d82
  depends:
  - libgcc >=13
  license: 0BSD
  size: 124919
  timestamp: 1743773576913
- conda: https://conda.anaconda.org/conda-forge/linux-aarch64/liblzma-devel-5.8.1-h86ecc28_0.conda
  sha256: f59e5ef9792726349efb03402885040e5f8bbc30c0f427b553bc4dd1632729d4
  md5: fe88ad1de9777f46eede74e2a6ddd207
  depends:
  - libgcc >=13
  - liblzma 5.8.1 h86ecc28_0
  license: 0BSD
  size: 441540
  timestamp: 1743773784803
- conda: https://conda.anaconda.org/conda-forge/linux-aarch64/libnsl-2.0.1-h31becfc_0.conda
  sha256: fd18c2b75d7411096428d36a70b36b1a17e31f7b8956b6905d145792d49e97f8
  md5: c14f32510f694e3185704d89967ec422
  depends:
  - libgcc-ng >=12
  license: LGPL-2.1-only
  license_family: GPL
  size: 34501
  timestamp: 1697358973269
- conda: https://conda.anaconda.org/conda-forge/linux-aarch64/libopenblas-0.3.29-pthreads_h9d3fd7e_0.conda
  sha256: 3a2ccf4c9098cd18a636e9b7fff947fdeb4962bcfb75c9d6fd80b8c50caf6a3c
  md5: a99e2bfcb1ad6362544c71281eb617e9
  depends:
  - libgcc >=14
  - libgfortran
  - libgfortran5 >=14.2.0
  constrains:
  - openblas >=0.3.29,<0.3.30.0a0
  license: BSD-3-Clause
  license_family: BSD
  size: 4801657
  timestamp: 1739825308974
- conda: https://conda.anaconda.org/conda-forge/linux-aarch64/libpng-1.6.47-hec79eb8_0.conda
  sha256: 3861a65106a5f876eff3fc19042c3edb528216114b9f8e64b37aebf003deda11
  md5: c4b1ba0d7cef5002759d2f156722feee
  depends:
  - libgcc >=13
  - libzlib >=1.3.1,<2.0a0
  license: zlib-acknowledgement
  size: 291536
  timestamp: 1739957375872
- conda: https://conda.anaconda.org/conda-forge/linux-aarch64/libsqlite-3.49.1-h5eb1b54_2.conda
  sha256: c0eb05c6db32b52cc80e06a2badfa11fbaa66b49f1e7cff77aa691b74a294dcc
  md5: 7c45959e187fd3313f9f1734464baecc
  depends:
  - libgcc >=13
  - libzlib >=1.3.1,<2.0a0
  license: Unlicense
  size: 916419
  timestamp: 1742083699438
- conda: https://conda.anaconda.org/conda-forge/linux-aarch64/libstdcxx-14.2.0-h3f4de04_2.conda
  sha256: c30a74bc996013907f6d9f344da007c26d98ef9a0831151cd50aece3125c45d5
  md5: eadee2cda99697e29411c1013c187b92
  depends:
  - libgcc 14.2.0 he277a41_2
  license: GPL-3.0-only WITH GCC-exception-3.1
  license_family: GPL
  size: 3810779
  timestamp: 1740241094774
- conda: https://conda.anaconda.org/conda-forge/linux-aarch64/libstdcxx-ng-12.3.0-h3f4de04_7.conda
  sha256: 43ff68a03f9d72173997ada26dd31db9b4018f412132baae127d32f8e2c60c44
  md5: cf8ec7aa0688fa74a8ddf6029a3781fd
  license: GPL-3.0-only WITH GCC-exception-3.1
  license_family: GPL
  size: 3371335
  timestamp: 1715017131950
- conda: https://conda.anaconda.org/conda-forge/linux-aarch64/libtiff-4.7.0-h88f7998_4.conda
  sha256: a05f1997a3504852ede8717c3c95c00c13af6ea7b27f35a3321732de0d051359
  md5: 6edd78ac9bee9a972f25cb6e8c6e21ad
  depends:
  - lerc >=4.0.0,<5.0a0
  - libdeflate >=1.23,<1.24.0a0
  - libgcc >=13
  - libjpeg-turbo >=3.1.0,<4.0a0
  - liblzma >=5.8.1,<6.0a0
  - libstdcxx >=13
  - libwebp-base >=1.5.0,<2.0a0
  - libzlib >=1.3.1,<2.0a0
  - zstd >=1.5.7,<1.6.0a0
  license: HPND
  size: 464221
  timestamp: 1745372725621
- conda: https://conda.anaconda.org/conda-forge/linux-aarch64/libuuid-2.38.1-hb4cce97_0.conda
  sha256: 616277b0c5f7616c2cdf36f6c316ea3f9aa5bb35f2d4476a349ab58b9b91675f
  md5: 000e30b09db0b7c775b21695dff30969
  depends:
  - libgcc-ng >=12
  license: BSD-3-Clause
  license_family: BSD
  size: 35720
  timestamp: 1680113474501
- conda: https://conda.anaconda.org/conda-forge/linux-aarch64/libwebp-base-1.5.0-h0886dbf_0.conda
  sha256: b3d881a0ae08bb07fff7fa8ead506c8d2e0388733182fe4f216f3ec5d61ffcf0
  md5: 95ef4a689b8cc1b7e18b53784d88f96b
  depends:
  - libgcc >=13
  constrains:
  - libwebp 1.5.0
  license: BSD-3-Clause
  license_family: BSD
  size: 362623
  timestamp: 1734779054659
- conda: https://conda.anaconda.org/conda-forge/linux-aarch64/libxcb-1.17.0-h262b8f6_0.conda
  sha256: 461cab3d5650ac6db73a367de5c8eca50363966e862dcf60181d693236b1ae7b
  md5: cd14ee5cca2464a425b1dbfc24d90db2
  depends:
  - libgcc >=13
  - pthread-stubs
  - xorg-libxau >=1.0.11,<2.0a0
  - xorg-libxdmcp
  license: MIT
  license_family: MIT
  size: 397493
  timestamp: 1727280745441
- conda: https://conda.anaconda.org/conda-forge/linux-aarch64/libzlib-1.3.1-h86ecc28_2.conda
  sha256: 5a2c1eeef69342e88a98d1d95bff1603727ab1ff4ee0e421522acd8813439b84
  md5: 08aad7cbe9f5a6b460d0976076b6ae64
  depends:
  - libgcc >=13
  constrains:
  - zlib 1.3.1 *_2
  license: Zlib
  license_family: Other
  size: 66657
  timestamp: 1727963199518
- conda: https://conda.anaconda.org/conda-forge/linux-aarch64/libzopfli-1.0.3-h01db608_0.tar.bz2
  sha256: 56d57e2a1451e9d16b019e6edee8b545653bef3122b34c349dd3f52b9ffe59e8
  md5: 1ee98b0c2d17d98c4730c3036a335eb2
  depends:
  - libgcc-ng >=9.3.0
  - libstdcxx-ng >=9.3.0
  license: Apache-2.0
  license_family: Apache
  size: 171299
  timestamp: 1607309446885
- conda: https://conda.anaconda.org/conda-forge/linux-aarch64/lz4-c-1.10.0-h5ad3122_1.conda
  sha256: 67e55058d275beea76c1882399640c37b5be8be4eb39354c94b610928e9a0573
  md5: 6654e411da94011e8fbe004eacb8fe11
  depends:
  - libgcc >=13
  - libstdcxx >=13
  license: BSD-2-Clause
  license_family: BSD
  size: 184953
  timestamp: 1733740984533
- conda: https://conda.anaconda.org/conda-forge/linux-aarch64/ncurses-6.5-ha32ae93_3.conda
  sha256: 91cfb655a68b0353b2833521dc919188db3d8a7f4c64bea2c6a7557b24747468
  md5: 182afabe009dc78d8b73100255ee6868
  depends:
  - libgcc >=13
  license: X11 AND BSD-3-Clause
  size: 926034
  timestamp: 1738196018799
- conda: https://conda.anaconda.org/conda-forge/noarch/networkx-3.4.2-pyh267e887_2.conda
  sha256: 39625cd0c9747fa5c46a9a90683b8997d8b9649881b3dc88336b13b7bdd60117
  md5: fd40bf7f7f4bc4b647dc8512053d9873
  depends:
  - python >=3.10
  - python
  constrains:
  - numpy >=1.24
  - scipy >=1.10,!=1.11.0,!=1.11.1
  - matplotlib >=3.7
  - pandas >=2.0
  license: BSD-3-Clause
  license_family: BSD
  size: 1265008
  timestamp: 1731521053408
- conda: https://conda.anaconda.org/conda-forge/linux-aarch64/numpy-2.2.5-py311h6c2b7b4_0.conda
  sha256: 9caa59fc5a76df70d06697144035b3e6e4fa183c22ed7b7541925a6eb50179c4
  md5: 05ac3dbf27ad31730c0713c1b03130ce
  depends:
  - libblas >=3.9.0,<4.0a0
  - libcblas >=3.9.0,<4.0a0
  - libgcc >=13
  - liblapack >=3.9.0,<4.0a0
  - libstdcxx >=13
  - python >=3.11,<3.12.0a0
  - python >=3.11,<3.12.0a0 *_cpython
  - python_abi 3.11.* *_cp311
  constrains:
  - numpy-base <0a0
  license: BSD-3-Clause
  size: 7755534
  timestamp: 1745119339554
- conda: https://conda.anaconda.org/conda-forge/linux-aarch64/openjpeg-2.5.3-h3f56577_0.conda
  sha256: 92d310033e20538e896f4e4b1ea4205eb6604eee7c5c651c4965a0d8d3ca0f1d
  md5: 04231368e4af50d11184b50e14250993
  depends:
  - libgcc >=13
  - libpng >=1.6.44,<1.7.0a0
  - libstdcxx >=13
  - libtiff >=4.7.0,<4.8.0a0
  - libzlib >=1.3.1,<2.0a0
  license: BSD-2-Clause
  license_family: BSD
  size: 377796
  timestamp: 1733816683252
- conda: https://conda.anaconda.org/conda-forge/linux-aarch64/openssl-3.0.16-hd08dc88_0.conda
  sha256: 8479f5b11b6de33c4d78ec3dd474e76bfc09558d884c3efbadd02cd49775c0c0
  md5: 82e400ff2edb16336fa784a07781f266
  depends:
  - ca-certificates
  - libgcc >=13
  constrains:
  - pyopenssl >=22.1
  license: Apache-2.0
  license_family: Apache
  size: 2595734
  timestamp: 1739321562662
- conda: https://conda.anaconda.org/conda-forge/noarch/packaging-25.0-pyh29332c3_1.conda
  sha256: 289861ed0c13a15d7bbb408796af4de72c2fe67e2bcb0de98f4c3fce259d7991
  md5: 58335b26c38bf4a20f399384c33cbcf9
  depends:
  - python >=3.8
  - python
  license: Apache-2.0
  size: 62477
  timestamp: 1745345660407
- conda: https://conda.anaconda.org/conda-forge/linux-aarch64/pillow-11.1.0-py311ha4eaa5e_0.conda
  sha256: d31c5eed4a5b0a5f7aee0da620c255d217ac154b59022dca1970395e744f3ba9
  md5: 588cc6d9e6adc21508221b3655cb5949
  depends:
  - freetype >=2.12.1,<3.0a0
  - lcms2 >=2.16,<3.0a0
  - libgcc >=13
  - libjpeg-turbo >=3.0.0,<4.0a0
  - libtiff >=4.7.0,<4.8.0a0
  - libwebp-base >=1.5.0,<2.0a0
  - libxcb >=1.17.0,<2.0a0
  - libzlib >=1.3.1,<2.0a0
  - openjpeg >=2.5.3,<3.0a0
  - python >=3.11,<3.12.0a0
  - python_abi 3.11.* *_cp311
  - tk >=8.6.13,<8.7.0a0
  license: HPND
  size: 42077620
  timestamp: 1735931287216
- conda: https://conda.anaconda.org/conda-forge/linux-aarch64/pthread-stubs-0.4-h86ecc28_1002.conda
  sha256: 977dfb0cb3935d748521dd80262fe7169ab82920afd38ed14b7fee2ea5ec01ba
  md5: bb5a90c93e3bac3d5690acf76b4a6386
  depends:
  - libgcc >=13
  license: MIT
  license_family: MIT
  size: 8342
  timestamp: 1726803319942
- conda: https://conda.anaconda.org/conda-forge/linux-aarch64/python-3.11.0-ha43d526_1_cpython.conda
  build_number: 1
  sha256: 88a786ac9fbf6d5b1e35036f0cb1e7dad694b3be9fa79dd6a71afa954bf02ae3
  md5: e537239a305ab94925b6cd226cd523da
  depends:
  - bzip2 >=1.0.8,<2.0a0
  - ld_impl_linux-aarch64 >=2.36.1
  - libffi >=3.4,<4.0a0
  - libgcc-ng >=12
  - libnsl >=2.0.0,<2.1.0a0
  - libsqlite >=3.40.0,<4.0a0
  - libuuid >=2.32.1,<3.0a0
  - libzlib >=1.2.13,<2.0.0a0
  - ncurses >=6.3,<7.0a0
  - openssl >=3.0.7,<4.0a0
  - readline >=8.1.2,<9.0a0
  - tk >=8.6.12,<8.7.0a0
  - tzdata
  - xz >=5.2.6,<6.0a0
  constrains:
  - python_abi 3.11.* *_cp311
  license: Python-2.0
  size: 15349465
  timestamp: 1673672639101
- conda: https://conda.anaconda.org/conda-forge/noarch/python_abi-3.11-7_cp311.conda
  build_number: 7
  sha256: 705d06b15c497b585d235e7e87f6c893ffe5fbfdb3326e376e56c842879e0a09
  md5: 6320dac78b3b215ceac35858b2cfdb70
  constrains:
  - python 3.11.* *_cpython
  license: BSD-3-Clause
  license_family: BSD
  size: 6996
  timestamp: 1745258878641
- conda: https://conda.anaconda.org/conda-forge/linux-aarch64/pywavelets-1.8.0-py311hec9beba_0.conda
  sha256: 72160b4784e630ca4297b2d1a2b6d6584a5aeec2267daf75317cca29b5e1f607
  md5: 6281a7df9d6687d55dd58720753190ff
  depends:
  - libgcc >=13
  - numpy >=1.19,<3
  - numpy >=1.23,<3
  - python >=3.11,<3.12.0a0
  - python >=3.11,<3.12.0a0 *_cpython
  - python_abi 3.11.* *_cp311
  license: MIT
  license_family: MIT
  size: 3726306
  timestamp: 1733419656386
- conda: https://conda.anaconda.org/conda-forge/linux-aarch64/rav1e-0.6.6-h1d8f897_2.conda
  sha256: 093f21277dc5763cf0397e016e8291c2b796926ebbb173428dc9cdf5d012f328
  md5: 12c850a42b1ad1ed46a284a93959ee6a
  depends:
  - libgcc-ng >=12
  license: BSD-2-Clause
  license_family: BSD
  size: 14347236
  timestamp: 1694329141875
- conda: https://conda.anaconda.org/conda-forge/linux-aarch64/readline-8.2-h8382b9d_2.conda
  sha256: 54bed3a3041befaa9f5acde4a37b1a02f44705b7796689574bcf9d7beaad2959
  md5: c0f08fc2737967edde1a272d4bf41ed9
  depends:
  - libgcc >=13
  - ncurses >=6.5,<7.0a0
  license: GPL-3.0-only
  license_family: GPL
  size: 291806
  timestamp: 1740380591358
- conda: https://conda.anaconda.org/conda-forge/linux-aarch64/scikit-image-0.25.1-py311h848c333_0.conda
  sha256: 05600936dcb35cb574f7fc5683fc4279b0dc9b74ed559e10cb7a87484708aac2
  md5: b6809c7528da50fea8ee12a165fdd5ac
  depends:
  - imageio >=2.33,!=2.35.0
  - lazy-loader >=0.4
  - lazy_loader >=0.4
  - libgcc >=13
  - libstdcxx >=13
  - networkx >=3.0
  - numpy >=1.19,<3
  - numpy >=1.24
  - packaging >=21
  - pillow >=10.1
  - python >=3.11,<3.12.0a0
  - python >=3.11,<3.12.0a0 *_cpython
  - python_abi 3.11.* *_cp311
  - pywavelets >=1.1.1
  - scipy >=1.11.2
  - tifffile >=2022.8.12
  constrains:
  - cloudpickle >=3.0
  - pywavelets >=1.6
  - cytoolz >=0.11.0
  - pooch >=1.6.0
  - toolz >=0.10.0
  - scikit-learn >=1.2
  - matplotlib-base >=3.7
  - numpy >=1.24
  - astropy >=6.0
  - pyamg >=5.2
  - dask-core >=2022.11.0,!=2024.8.0
  arch: aarch64
  platform: linux
  license: BSD-3-Clause
  license_family: BSD
  size: 11032603
  timestamp: 1738045982915
- conda: https://conda.anaconda.org/conda-forge/linux-aarch64/scipy-1.15.2-py311h2973cce_0.conda
  sha256: cff06101fbc17299b52abe2a34cfb5993cd3bc66afb1d8802e51b063c89ad086
  md5: c25e598148e81b7e960ddf1f61ceff28
  depends:
  - libblas >=3.9.0,<4.0a0
  - libcblas >=3.9.0,<4.0a0
  - libgcc >=13
  - libgfortran
  - libgfortran5 >=13.3.0
  - liblapack >=3.9.0,<4.0a0
  - libstdcxx >=13
  - numpy <2.5
  - numpy >=1.19,<3
  - numpy >=1.23.5
  - python >=3.11,<3.12.0a0
  - python >=3.11,<3.12.0a0 *_cpython
  - python_abi 3.11.* *_cp311
  license: BSD-3-Clause
  license_family: BSD
  size: 17207355
  timestamp: 1739792559518
- conda: https://conda.anaconda.org/conda-forge/linux-aarch64/snappy-1.2.1-hd4fb6f5_1.conda
  sha256: c4a07ae5def8d55128f25a567a296ef9d7bf99a3bc79d46bd5160c076a5f50af
  md5: 2fcc6cd1e5550deb509073fd2e6693e1
  depends:
  - libgcc >=13
  - libstdcxx >=13
  license: BSD-3-Clause
  license_family: BSD
  size: 43032
  timestamp: 1733501964775
- conda: https://conda.anaconda.org/conda-forge/linux-aarch64/svt-av1-3.0.2-h5ad3122_0.conda
  sha256: 6d2ac9e4f68355ba3b42395054a7558b9eb6bcf3d70e91bb99ada1450a74d2f6
  md5: 4fafb3aafa73a875312cb4a1099d2a46
  depends:
  - libgcc >=13
  - libstdcxx >=13
  license: BSD-2-Clause
  license_family: BSD
  size: 1975547
  timestamp: 1742910351387
- conda: https://conda.anaconda.org/conda-forge/noarch/tifffile-2025.3.30-pyhd8ed1ab_0.conda
  sha256: faffc031f313d5738291639aeeb3a5b0ee191451924393754b9039731dd52aac
  md5: 14f46147fae19bb867f82a787c7059e9
  depends:
  - imagecodecs >=2024.12.30
  - numpy >=1.19.2
  - python >=3.10
  constrains:
  - matplotlib-base >=3.3
  - zarr <3
  license: BSD-3-Clause
  license_family: BSD
  size: 180495
  timestamp: 1743428184701
- conda: https://conda.anaconda.org/conda-forge/linux-aarch64/tk-8.6.13-h194ca79_0.conda
  sha256: 7fa27cc512d3a783f38bd16bbbffc008807372499d5b65d089a8e43bde9db267
  md5: f75105e0585851f818e0009dd1dde4dc
  depends:
  - libgcc-ng >=12
  - libzlib >=1.2.13,<2.0.0a0
  license: TCL
  license_family: BSD
  size: 3351802
  timestamp: 1695506242997
- conda: https://conda.anaconda.org/conda-forge/noarch/tzdata-2025b-h78e105d_0.conda
  sha256: 5aaa366385d716557e365f0a4e9c3fca43ba196872abbbe3d56bb610d131e192
  md5: 4222072737ccff51314b5ece9c7d6f5a
  license: LicenseRef-Public-Domain
  size: 122968
  timestamp: 1742727099393
- conda: https://conda.anaconda.org/conda-forge/linux-aarch64/xorg-libxau-1.0.12-h86ecc28_0.conda
  sha256: 7829a0019b99ba462aece7592d2d7f42e12d12ccd3b9614e529de6ddba453685
  md5: d5397424399a66d33c80b1f2345a36a6
  depends:
  - libgcc >=13
  license: MIT
  license_family: MIT
  size: 15873
  timestamp: 1734230458294
- conda: https://conda.anaconda.org/conda-forge/linux-aarch64/xorg-libxdmcp-1.1.5-h57736b2_0.conda
  sha256: efcc150da5926cf244f757b8376d96a4db78bc15b8d90ca9f56ac6e75755971f
  md5: 25a5a7b797fe6e084e04ffe2db02fc62
  depends:
  - libgcc >=13
  license: MIT
  license_family: MIT
  size: 20615
  timestamp: 1727796660574
- conda: https://conda.anaconda.org/conda-forge/linux-aarch64/xz-5.8.1-h2dbfc1b_0.conda
  sha256: 837ecb2588bdbf4dac097c5cb4a2238260f6a7b002c2c7bc4a6e66408fe0b75b
  md5: 5047102e1e3b4a7736bc55f4ffd43a4e
  depends:
  - libgcc >=13
  - liblzma 5.8.1 h86ecc28_0
  - liblzma-devel 5.8.1 h86ecc28_0
  - xz-gpl-tools 5.8.1 h2dbfc1b_0
  - xz-tools 5.8.1 h86ecc28_0
  license: 0BSD AND LGPL-2.1-or-later AND GPL-2.0-or-later
  size: 23823
  timestamp: 1743774426641
- conda: https://conda.anaconda.org/conda-forge/linux-aarch64/xz-gpl-tools-5.8.1-h2dbfc1b_0.conda
  sha256: 4c9fd00d68b8f0ed0fac67692dc6953e35e037f0996da539ba69b0e3af227f1a
  md5: e7d13c4f76ba970e04e81f2f6d448657
  depends:
  - libgcc >=13
  - liblzma 5.8.1 h86ecc28_0
  license: 0BSD AND LGPL-2.1-or-later AND GPL-2.0-or-later
  size: 33679
  timestamp: 1743774217896
- conda: https://conda.anaconda.org/conda-forge/linux-aarch64/xz-tools-5.8.1-h86ecc28_0.conda
  sha256: d971fddb92bf7a166c259137940b12d9ad75c433da799450596a536bdac1a835
  md5: b5c34a9de20e885b1b66f1510dde5e0b
  depends:
  - libgcc >=13
  - liblzma 5.8.1 h86ecc28_0
  license: 0BSD AND LGPL-2.1-or-later
  size: 102349
  timestamp: 1743774009362
- conda: https://conda.anaconda.org/conda-forge/linux-aarch64/zfp-1.0.1-h5ad3122_2.conda
  sha256: 2bd11d655e30ef9dab54c90f1ee94a63683046d6e1361a0f351224d72c989f20
  md5: d3f41152dd1e6539626c1ff2b37fc66e
  depends:
  - _openmp_mutex >=4.5
  - libgcc >=13
  - libstdcxx >=13
  license: BSD-3-Clause
  license_family: BSD
  size: 242282
  timestamp: 1726927325693
- conda: https://conda.anaconda.org/conda-forge/noarch/zipp-3.21.0-pyhd8ed1ab_1.conda
  sha256: 567c04f124525c97a096b65769834b7acb047db24b15a56888a322bf3966c3e1
  md5: 0c3cc595284c5e8f0f9900a9b228a332
  depends:
  - python >=3.9
  license: MIT
  license_family: MIT
  size: 21809
  timestamp: 1732827613585
- conda: https://conda.anaconda.org/conda-forge/linux-aarch64/zlib-ng-2.2.4-hf428078_0.conda
  sha256: e8751a521150945dc947d17cf18de76c3586f5f969d472067eda7cad02df5fa4
  md5: 9d2a6bbbba93c6d4628f9534d7d14e87
  depends:
  - libgcc >=13
  - libstdcxx >=13
  license: Zlib
  license_family: Other
  size: 109148
  timestamp: 1739247658984
- conda: https://conda.anaconda.org/conda-forge/linux-aarch64/zstd-1.5.7-hbcf94c1_2.conda
  sha256: 0812e7b45f087cfdd288690ada718ce5e13e8263312e03b643dd7aa50d08b51b
  md5: 5be90c5a3e4b43c53e38f50a85e11527
  depends:
  - libgcc >=13
  - libstdcxx >=13
  - libzlib >=1.3.1,<2.0a0
  license: BSD-3-Clause
  license_family: BSD
  size: 551176
  timestamp: 1742433378347
